dependencies:
  espressif/esp-dsp:
    component_hash: 
      42dce32d46ac93dc11f60d368e29a830e9661c7345d794b8a45c343479cae636
    dependencies:
    - name: idf
      require: private
      version: '>=4.2'
    source:
      registry_url: https://components.espressif.com/
      type: service
    version: 1.7.0
  idf:
    source:
      type: idf
    version: 5.5.0
direct_dependencies:
- espressif/esp-dsp
manifest_hash: f62876aad0909699ef189a6d0f4f4d0688efcb6582f5d663bcc4da3edb2abf5c
target: esp32s3
version: 2.0.0
